schema: '2.0'
stages:
  train_model:
    cmd: cd src && python main.py
    deps:
    - path: data/uniref50_sample_2.fasta
      hash: md5
      md5: e53fec85f70a302dc20e02b5f446d0a3
      size: 54851
    - path: src/main.py
      hash: md5
      md5: b9ac5dcf412bfcb3513f138e4e779958
      size: 803
    params:
      params.yaml:
        model.n_clusters: 5
    outs:
    - path: metrics.json
      hash: md5
      md5: cc0f19c5c5db43c4b77fd21eae5dac31
      size: 33
    - path: models/sequence_model.pkl
      hash: md5
      md5: b9eb4edd8b06dd7f95d4dc0012e41a79
      size: 1943
  run_unit_tests:
    cmd: set PYTHONPATH=src && pytest
